
Microsoft Visual Studio Solution File, Format Version 12.00
# Visual Studio Version 16
VisualStudioVersion = 16.0.29201.188
MinimumVisualStudioVersion = 10.0.40219.1
Project("{FAE04EC0-301F-11D3-BF4B-00C04F79EFBC}") = "DemoTest1", "DemoTest1\DemoTest1.csproj", "{0E5CC7FF-E2C7-46DE-BA6D-05DAFC877053}"
EndProject
Global
	GlobalSection(SolutionConfigurationPlatforms) = preSolution
		Debug|Any CPU = Debug|Any CPU
		Release|Any CPU = Release|Any CPU
	EndGlobalSection
	GlobalSection(ProjectConfigurationPlatforms) = postSolution
		{0E5CC7FF-E2C7-46DE-BA6D-05DAFC877053}.Debug|Any CPU.ActiveCfg = Debug|Any CPU
		{0E5CC7FF-E2C7-46DE-BA6D-05DAFC877053}.Debug|Any CPU.Build.0 = Debug|Any CPU
		{0E5CC7FF-E2C7-46DE-BA6D-05DAFC877053}.Release|Any CPU.ActiveCfg = Release|Any CPU
		{0E5CC7FF-E2C7-46DE-BA6D-05DAFC877053}.Release|Any CPU.Build.0 = Release|Any CPU
	EndGlobalSection
	GlobalSection(SolutionProperties) = preSolution
		HideSolutionNode = FALSE
	EndGlobalSection
	GlobalSection(ExtensibilityGlobals) = postSolution
		SolutionGuid = {EA8ACF17-E903-49F3-AD55-45037C86370B}
	EndGlobalSection
EndGlobal
